
Microsoft Visual Studio Solution File, Format Version 12.00
# Visual Studio Version 17
VisualStudioVersion = 17.4.33110.190
MinimumVisualStudioVersion = 10.0.40219.1
Project("{9A19103F-16F7-4668-BE54-9A1E7A4F7556}") = "APIGateway", "APIGateway\APIGateway.csproj", "{296208C8-56A0-4856-8A03-6294C3B0EC82}"
EndProject
Project("{2150E333-8FDC-42A3-9474-1A3956D46DE8}") = "Services", "Services", "{D54D3842-4D5C-4BF0-848F-3E42F7888AD5}"
EndProject
Project("{9A19103F-16F7-4668-BE54-9A1E7A4F7556}") = "Contact.API", "Services\ContactAPI\Contact.API\Contact.API.csproj", "{600E059D-43C6-4DF4-88FE-565847D093E8}"
EndProject
Project("{9A19103F-16F7-4668-BE54-9A1E7A4F7556}") = "Reservation.API", "Services\ResAPI\Reservation.API\Reservation.API.csproj", "{2BB82603-BCF9-4803-94AD-7A3BF66A11B8}"
EndProject
Project("{2150E333-8FDC-42A3-9474-1A3956D46DE8}") = "ContactAPI", "ContactAPI", "{1893668B-3054-4980-919A-7FC5F2A1688C}"
EndProject
Project("{2150E333-8FDC-42A3-9474-1A3956D46DE8}") = "ReservationAPI", "ReservationAPI", "{82970C67-7B6D-4672-BE14-658DA98817A9}"
EndProject
Project("{9A19103F-16F7-4668-BE54-9A1E7A4F7556}") = "Contact.API.Infrastructure", "Services\ContactAPI\Contact.API.Infrastructure\Contact.API.Infrastructure.csproj", "{4FBA9104-2CCD-4DF4-9935-60BF076D7E7F}"
EndProject
Project("{9A19103F-16F7-4668-BE54-9A1E7A4F7556}") = "Contact.API.Models", "Services\ContactAPI\Contact.API.Models\Contact.API.Models.csproj", "{0125A0FE-CFA2-43BD-A719-DC3D983ACF85}"
EndProject
Project("{9A19103F-16F7-4668-BE54-9A1E7A4F7556}") = "Contact.API.Services", "Services\ContactAPI\Contact.API.Services\Contact.API.Services.csproj", "{4130067E-E0F8-4199-9706-63EA3EC96C1E}"
EndProject
Project("{FAE04EC0-301F-11D3-BF4B-00C04F79EFBC}") = "Reservation.API.Infrastructure", "Services\ResAPI\Reservation.API.Infrastructure\Reservation.API.Infrastructure.csproj", "{A15CE89B-D78A-49FF-9FC9-368B8B655381}"
EndProject
Project("{FAE04EC0-301F-11D3-BF4B-00C04F79EFBC}") = "Reservation.API.Services", "Services\ResAPI\Reservation.API.Services\Reservation.API.Services.csproj", "{4A53A136-EEC7-40DA-BF81-2BFE85626381}"
EndProject
Project("{FAE04EC0-301F-11D3-BF4B-00C04F79EFBC}") = "Reservation.API.Models", "Services\ResAPI\Reservation.API.Models\Reservation.API.Models.csproj", "{0C67B795-FD48-4E37-9C5C-D0BC11C1ABA5}"
EndProject
Global
	GlobalSection(SolutionConfigurationPlatforms) = preSolution
		Debug|Any CPU = Debug|Any CPU
		Release|Any CPU = Release|Any CPU
	EndGlobalSection
	GlobalSection(ProjectConfigurationPlatforms) = postSolution
		{296208C8-56A0-4856-8A03-6294C3B0EC82}.Debug|Any CPU.ActiveCfg = Debug|Any CPU
		{296208C8-56A0-4856-8A03-6294C3B0EC82}.Debug|Any CPU.Build.0 = Debug|Any CPU
		{296208C8-56A0-4856-8A03-6294C3B0EC82}.Release|Any CPU.ActiveCfg = Release|Any CPU
		{296208C8-56A0-4856-8A03-6294C3B0EC82}.Release|Any CPU.Build.0 = Release|Any CPU
		{600E059D-43C6-4DF4-88FE-565847D093E8}.Debug|Any CPU.ActiveCfg = Debug|Any CPU
		{600E059D-43C6-4DF4-88FE-565847D093E8}.Debug|Any CPU.Build.0 = Debug|Any CPU
		{600E059D-43C6-4DF4-88FE-565847D093E8}.Release|Any CPU.ActiveCfg = Release|Any CPU
		{600E059D-43C6-4DF4-88FE-565847D093E8}.Release|Any CPU.Build.0 = Release|Any CPU
		{2BB82603-BCF9-4803-94AD-7A3BF66A11B8}.Debug|Any CPU.ActiveCfg = Debug|Any CPU
		{2BB82603-BCF9-4803-94AD-7A3BF66A11B8}.Debug|Any CPU.Build.0 = Debug|Any CPU
		{2BB82603-BCF9-4803-94AD-7A3BF66A11B8}.Release|Any CPU.ActiveCfg = Release|Any CPU
		{2BB82603-BCF9-4803-94AD-7A3BF66A11B8}.Release|Any CPU.Build.0 = Release|Any CPU
		{4FBA9104-2CCD-4DF4-9935-60BF076D7E7F}.Debug|Any CPU.ActiveCfg = Debug|Any CPU
		{4FBA9104-2CCD-4DF4-9935-60BF076D7E7F}.Debug|Any CPU.Build.0 = Debug|Any CPU
		{4FBA9104-2CCD-4DF4-9935-60BF076D7E7F}.Release|Any CPU.ActiveCfg = Release|Any CPU
		{4FBA9104-2CCD-4DF4-9935-60BF076D7E7F}.Release|Any CPU.Build.0 = Release|Any CPU
		{0125A0FE-CFA2-43BD-A719-DC3D983ACF85}.Debug|Any CPU.ActiveCfg = Debug|Any CPU
		{0125A0FE-CFA2-43BD-A719-DC3D983ACF85}.Debug|Any CPU.Build.0 = Debug|Any CPU
		{0125A0FE-CFA2-43BD-A719-DC3D983ACF85}.Release|Any CPU.ActiveCfg = Release|Any CPU
		{0125A0FE-CFA2-43BD-A719-DC3D983ACF85}.Release|Any CPU.Build.0 = Release|Any CPU
		{4130067E-E0F8-4199-9706-63EA3EC96C1E}.Debug|Any CPU.ActiveCfg = Debug|Any CPU
		{4130067E-E0F8-4199-9706-63EA3EC96C1E}.Debug|Any CPU.Build.0 = Debug|Any CPU
		{4130067E-E0F8-4199-9706-63EA3EC96C1E}.Release|Any CPU.ActiveCfg = Release|Any CPU
		{4130067E-E0F8-4199-9706-63EA3EC96C1E}.Release|Any CPU.Build.0 = Release|Any CPU
		{A15CE89B-D78A-49FF-9FC9-368B8B655381}.Debug|Any CPU.ActiveCfg = Debug|Any CPU
		{A15CE89B-D78A-49FF-9FC9-368B8B655381}.Debug|Any CPU.Build.0 = Debug|Any CPU
		{A15CE89B-D78A-49FF-9FC9-368B8B655381}.Release|Any CPU.ActiveCfg = Release|Any CPU
		{A15CE89B-D78A-49FF-9FC9-368B8B655381}.Release|Any CPU.Build.0 = Release|Any CPU
		{4A53A136-EEC7-40DA-BF81-2BFE85626381}.Debug|Any CPU.ActiveCfg = Debug|Any CPU
		{4A53A136-EEC7-40DA-BF81-2BFE85626381}.Debug|Any CPU.Build.0 = Debug|Any CPU
		{4A53A136-EEC7-40DA-BF81-2BFE85626381}.Release|Any CPU.ActiveCfg = Release|Any CPU
		{4A53A136-EEC7-40DA-BF81-2BFE85626381}.Release|Any CPU.Build.0 = Release|Any CPU
		{0C67B795-FD48-4E37-9C5C-D0BC11C1ABA5}.Debug|Any CPU.ActiveCfg = Debug|Any CPU
		{0C67B795-FD48-4E37-9C5C-D0BC11C1ABA5}.Debug|Any CPU.Build.0 = Debug|Any CPU
		{0C67B795-FD48-4E37-9C5C-D0BC11C1ABA5}.Release|Any CPU.ActiveCfg = Release|Any CPU
		{0C67B795-FD48-4E37-9C5C-D0BC11C1ABA5}.Release|Any CPU.Build.0 = Release|Any CPU
	EndGlobalSection
	GlobalSection(SolutionProperties) = preSolution
		HideSolutionNode = FALSE
	EndGlobalSection
	GlobalSection(NestedProjects) = preSolution
		{600E059D-43C6-4DF4-88FE-565847D093E8} = {1893668B-3054-4980-919A-7FC5F2A1688C}
		{2BB82603-BCF9-4803-94AD-7A3BF66A11B8} = {82970C67-7B6D-4672-BE14-658DA98817A9}
		{1893668B-3054-4980-919A-7FC5F2A1688C} = {D54D3842-4D5C-4BF0-848F-3E42F7888AD5}
		{82970C67-7B6D-4672-BE14-658DA98817A9} = {D54D3842-4D5C-4BF0-848F-3E42F7888AD5}
		{4FBA9104-2CCD-4DF4-9935-60BF076D7E7F} = {1893668B-3054-4980-919A-7FC5F2A1688C}
		{0125A0FE-CFA2-43BD-A719-DC3D983ACF85} = {1893668B-3054-4980-919A-7FC5F2A1688C}
		{4130067E-E0F8-4199-9706-63EA3EC96C1E} = {1893668B-3054-4980-919A-7FC5F2A1688C}
		{A15CE89B-D78A-49FF-9FC9-368B8B655381} = {82970C67-7B6D-4672-BE14-658DA98817A9}
		{4A53A136-EEC7-40DA-BF81-2BFE85626381} = {82970C67-7B6D-4672-BE14-658DA98817A9}
		{0C67B795-FD48-4E37-9C5C-D0BC11C1ABA5} = {82970C67-7B6D-4672-BE14-658DA98817A9}
	EndGlobalSection
	GlobalSection(ExtensibilityGlobals) = postSolution
		SolutionGuid = {0346D08B-34D8-49A1-A52E-C8F93D36D023}
	EndGlobalSection
EndGlobal
